
Microsoft Visual Studio Solution File, Format Version 12.00
# Visual Studio Version 16
VisualStudioVersion = 16.0.31605.320
MinimumVisualStudioVersion = 10.0.40219.1
Project("{FAE04EC0-301F-11D3-BF4B-00C04F79EFBC}") = "GUITest", "GUITest\GUITest.csproj", "{345C6CE0-C0D6-4C0D-8A6D-F60F4B7380C7}"
EndProject
Global
	GlobalSection(SolutionConfigurationPlatforms) = preSolution
		Debug|Any CPU = Debug|Any CPU
		Release|Any CPU = Release|Any CPU
	EndGlobalSection
	GlobalSection(ProjectConfigurationPlatforms) = postSolution
		{345C6CE0-C0D6-4C0D-8A6D-F60F4B7380C7}.Debug|Any CPU.ActiveCfg = Debug|Any CPU
		{345C6CE0-C0D6-4C0D-8A6D-F60F4B7380C7}.Debug|Any CPU.Build.0 = Debug|Any CPU
		{345C6CE0-C0D6-4C0D-8A6D-F60F4B7380C7}.Release|Any CPU.ActiveCfg = Release|Any CPU
		{345C6CE0-C0D6-4C0D-8A6D-F60F4B7380C7}.Release|Any CPU.Build.0 = Release|Any CPU
	EndGlobalSection
	GlobalSection(SolutionProperties) = preSolution
		HideSolutionNode = FALSE
	EndGlobalSection
	GlobalSection(ExtensibilityGlobals) = postSolution
		SolutionGuid = {0BB4EB70-A421-43F2-8796-3DEE6F075012}
	EndGlobalSection
EndGlobal
